{
  "name": "listaddressgroupings",
  "version": "1.0.0",
  "lockfileVersion": 1,
  "requires": true,
  "dependencies": {
    "@bitcannacommunity/bitcanna-rpc": {
      "version": "1.1.7",
      "resolved": "https://npm.pkg.github.com/download/@bitcannacommunity/bitcanna-rpc/1.1.7/f15ed12d876f0f5cfdf93a9ac69b1042cf2ff942f6358ac680cb424b08dea44f",
      "integrity": "sha512-1YkZJJf+tROPHew4sJqNwUBgTaQ/GNcmBHEpLlheCrjfqWoKmC1tSB5EhS2bvXkxrRJmQxzKqJkskgIxAlLn2w=="
    }
  }
}
